
Microsoft Visual Studio Solution File, Format Version 12.00
# Visual Studio Version 17
VisualStudioVersion = 17.6.33829.357
MinimumVisualStudioVersion = 10.0.40219.1
Project("{FAE04EC0-301F-11D3-BF4B-00C04F79EFBC}") = "1NJ1N3R4", "1NJ1N3R4\1NJ1N3R4.csproj", "{9726B090-A020-4C38-83E4-C5C03A9D3FEE}"
EndProject
Global
	GlobalSection(SolutionConfigurationPlatforms) = preSolution
		Debug|Any CPU = Debug|Any CPU
		Release|Any CPU = Release|Any CPU
	EndGlobalSection
	GlobalSection(ProjectConfigurationPlatforms) = postSolution
		{9726B090-A020-4C38-83E4-C5C03A9D3FEE}.Debug|Any CPU.ActiveCfg = Debug|Any CPU
		{9726B090-A020-4C38-83E4-C5C03A9D3FEE}.Debug|Any CPU.Build.0 = Debug|Any CPU
		{9726B090-A020-4C38-83E4-C5C03A9D3FEE}.Release|Any CPU.ActiveCfg = Release|Any CPU
		{9726B090-A020-4C38-83E4-C5C03A9D3FEE}.Release|Any CPU.Build.0 = Release|Any CPU
	EndGlobalSection
	GlobalSection(SolutionProperties) = preSolution
		HideSolutionNode = FALSE
	EndGlobalSection
	GlobalSection(ExtensibilityGlobals) = postSolution
		SolutionGuid = {29440F33-1B7D-4E2D-B9F7-A2757CDA81F6}
	EndGlobalSection
EndGlobal
